
Microsoft Visual Studio Solution File, Format Version 12.00
# Visual Studio 14
VisualStudioVersion = 14.0.25123.0
MinimumVisualStudioVersion = 10.0.40219.1
Project("{2150E333-8FDC-42A3-9474-1A3956D46DE8}") = "Site", "Site", "{D962A44D-DC1C-4704-8E3D-DD9A52A6FEB0}"
EndProject
Project("{2150E333-8FDC-42A3-9474-1A3956D46DE8}") = "Integracao", "Integracao", "{8DEE8807-F8A9-4DC6-A3AF-F55F7C5D890D}"
EndProject
Project("{2150E333-8FDC-42A3-9474-1A3956D46DE8}") = "Interfaces", "Interfaces", "{F074207A-D1D5-4EAB-B061-53B7840E9436}"
EndProject
Project("{2150E333-8FDC-42A3-9474-1A3956D46DE8}") = "Dominio", "Dominio", "{FF6A12C4-B27F-4C71-AFE9-B656F4D3F2A4}"
EndProject
Project("{2150E333-8FDC-42A3-9474-1A3956D46DE8}") = "Util", "Util", "{6FE4DFC8-49E7-4201-9E71-4F1732E86CE0}"
EndProject
Project("{FAE04EC0-301F-11D3-BF4B-00C04F79EFBC}") = "ANSDNPM.Site", "Site\ANSDNPM.Site\ANSDNPM.Site.csproj", "{170C5BC8-991C-4D4F-9A95-C0F5FB8F0BAD}"
EndProject
Project("{FAE04EC0-301F-11D3-BF4B-00C04F79EFBC}") = "ANSDNPM.Dominio", "Dominio\ANSDNPM.Dominio\ANSDNPM.Dominio.csproj", "{03984505-5C94-4E51-AD1D-23BE222B1417}"
EndProject
Project("{FAE04EC0-301F-11D3-BF4B-00C04F79EFBC}") = "ANSDNPM.Integracao", "Integracao\ANSDNPM.Integracao\ANSDNPM.Integracao.csproj", "{D5446984-D4DB-4DBF-9B2F-2A0FB3F0C483}"
EndProject
Project("{FAE04EC0-301F-11D3-BF4B-00C04F79EFBC}") = "ANSDNPM.Interfaces", "Interfaces\ANSDNPM.Interfaces\ANSDNPM.Interfaces.csproj", "{C8CDCF86-BD8C-4F52-8D02-4D58C212C2DE}"
EndProject
Project("{FAE04EC0-301F-11D3-BF4B-00C04F79EFBC}") = "ANSDNPM.Util", "Util\ANSDNPM.Util\ANSDNPM.Util.csproj", "{247E7A94-4997-4FDF-8DC6-D9E030D58698}"
EndProject
Project("{2150E333-8FDC-42A3-9474-1A3956D46DE8}") = "Gestao", "Gestao", "{7DD79B94-E2A9-4D92-A750-73932D196B10}"
EndProject
Project("{FAE04EC0-301F-11D3-BF4B-00C04F79EFBC}") = "ANSDNPM.Gestao", "Gestao\ANSDNPM.Gestao\ANSDNPM.Gestao.csproj", "{639B4C26-9625-4FB9-B7C6-B1D10A50D1E0}"
EndProject
Global
	GlobalSection(SolutionConfigurationPlatforms) = preSolution
		Debug|Any CPU = Debug|Any CPU
		Release|Any CPU = Release|Any CPU
	EndGlobalSection
	GlobalSection(ProjectConfigurationPlatforms) = postSolution
		{170C5BC8-991C-4D4F-9A95-C0F5FB8F0BAD}.Debug|Any CPU.ActiveCfg = Debug|Any CPU
		{170C5BC8-991C-4D4F-9A95-C0F5FB8F0BAD}.Debug|Any CPU.Build.0 = Debug|Any CPU
		{170C5BC8-991C-4D4F-9A95-C0F5FB8F0BAD}.Release|Any CPU.ActiveCfg = Release|Any CPU
		{170C5BC8-991C-4D4F-9A95-C0F5FB8F0BAD}.Release|Any CPU.Build.0 = Release|Any CPU
		{03984505-5C94-4E51-AD1D-23BE222B1417}.Debug|Any CPU.ActiveCfg = Debug|Any CPU
		{03984505-5C94-4E51-AD1D-23BE222B1417}.Debug|Any CPU.Build.0 = Debug|Any CPU
		{03984505-5C94-4E51-AD1D-23BE222B1417}.Release|Any CPU.ActiveCfg = Release|Any CPU
		{03984505-5C94-4E51-AD1D-23BE222B1417}.Release|Any CPU.Build.0 = Release|Any CPU
		{D5446984-D4DB-4DBF-9B2F-2A0FB3F0C483}.Debug|Any CPU.ActiveCfg = Debug|Any CPU
		{D5446984-D4DB-4DBF-9B2F-2A0FB3F0C483}.Debug|Any CPU.Build.0 = Debug|Any CPU
		{D5446984-D4DB-4DBF-9B2F-2A0FB3F0C483}.Release|Any CPU.ActiveCfg = Release|Any CPU
		{D5446984-D4DB-4DBF-9B2F-2A0FB3F0C483}.Release|Any CPU.Build.0 = Release|Any CPU
		{C8CDCF86-BD8C-4F52-8D02-4D58C212C2DE}.Debug|Any CPU.ActiveCfg = Debug|Any CPU
		{C8CDCF86-BD8C-4F52-8D02-4D58C212C2DE}.Debug|Any CPU.Build.0 = Debug|Any CPU
		{C8CDCF86-BD8C-4F52-8D02-4D58C212C2DE}.Release|Any CPU.ActiveCfg = Release|Any CPU
		{C8CDCF86-BD8C-4F52-8D02-4D58C212C2DE}.Release|Any CPU.Build.0 = Release|Any CPU
		{247E7A94-4997-4FDF-8DC6-D9E030D58698}.Debug|Any CPU.ActiveCfg = Debug|Any CPU
		{247E7A94-4997-4FDF-8DC6-D9E030D58698}.Debug|Any CPU.Build.0 = Debug|Any CPU
		{247E7A94-4997-4FDF-8DC6-D9E030D58698}.Release|Any CPU.ActiveCfg = Release|Any CPU
		{247E7A94-4997-4FDF-8DC6-D9E030D58698}.Release|Any CPU.Build.0 = Release|Any CPU
		{639B4C26-9625-4FB9-B7C6-B1D10A50D1E0}.Debug|Any CPU.ActiveCfg = Debug|Any CPU
		{639B4C26-9625-4FB9-B7C6-B1D10A50D1E0}.Debug|Any CPU.Build.0 = Debug|Any CPU
		{639B4C26-9625-4FB9-B7C6-B1D10A50D1E0}.Release|Any CPU.ActiveCfg = Release|Any CPU
		{639B4C26-9625-4FB9-B7C6-B1D10A50D1E0}.Release|Any CPU.Build.0 = Release|Any CPU
	EndGlobalSection
	GlobalSection(SolutionProperties) = preSolution
		HideSolutionNode = FALSE
	EndGlobalSection
	GlobalSection(NestedProjects) = preSolution
		{170C5BC8-991C-4D4F-9A95-C0F5FB8F0BAD} = {D962A44D-DC1C-4704-8E3D-DD9A52A6FEB0}
		{03984505-5C94-4E51-AD1D-23BE222B1417} = {FF6A12C4-B27F-4C71-AFE9-B656F4D3F2A4}
		{D5446984-D4DB-4DBF-9B2F-2A0FB3F0C483} = {8DEE8807-F8A9-4DC6-A3AF-F55F7C5D890D}
		{C8CDCF86-BD8C-4F52-8D02-4D58C212C2DE} = {F074207A-D1D5-4EAB-B061-53B7840E9436}
		{247E7A94-4997-4FDF-8DC6-D9E030D58698} = {6FE4DFC8-49E7-4201-9E71-4F1732E86CE0}
		{639B4C26-9625-4FB9-B7C6-B1D10A50D1E0} = {7DD79B94-E2A9-4D92-A750-73932D196B10}
	EndGlobalSection
EndGlobal
